
Microsoft Visual Studio Solution File, Format Version 12.00
# Visual Studio Version 17
VisualStudioVersion = 17.4.33103.184
MinimumVisualStudioVersion = 10.0.40219.1
Project("{FAE04EC0-301F-11D3-BF4B-00C04F79EFBC}") = "GeometryTestTask1", "GeometryTestTask1\GeometryTestTask1.csproj", "{FAD6903A-F462-49A0-850A-D8A3DD37F216}"
EndProject
Global
	GlobalSection(SolutionConfigurationPlatforms) = preSolution
		Debug|Any CPU = Debug|Any CPU
		Release|Any CPU = Release|Any CPU
	EndGlobalSection
	GlobalSection(ProjectConfigurationPlatforms) = postSolution
		{FAD6903A-F462-49A0-850A-D8A3DD37F216}.Debug|Any CPU.ActiveCfg = Debug|Any CPU
		{FAD6903A-F462-49A0-850A-D8A3DD37F216}.Debug|Any CPU.Build.0 = Debug|Any CPU
		{FAD6903A-F462-49A0-850A-D8A3DD37F216}.Release|Any CPU.ActiveCfg = Release|Any CPU
		{FAD6903A-F462-49A0-850A-D8A3DD37F216}.Release|Any CPU.Build.0 = Release|Any CPU
	EndGlobalSection
	GlobalSection(SolutionProperties) = preSolution
		HideSolutionNode = FALSE
	EndGlobalSection
	GlobalSection(ExtensibilityGlobals) = postSolution
		SolutionGuid = {B60C59CB-D5C9-4A10-A2DD-AF79EB13899E}
	EndGlobalSection
EndGlobal
